
Microsoft Visual Studio Solution File, Format Version 12.00
# Visual Studio Version 17
VisualStudioVersion = 17.14.36616.10 d17.14
MinimumVisualStudioVersion = 10.0.40219.1
Project("{FAE04EC0-301F-11D3-BF4B-00C04F79EFBC}") = "CodeAnalysisTool", "CodeAnalysisTool.csproj", "{B8CEFE3D-7714-49B7-A65F-5EEF776DC369}"
EndProject
Global
	GlobalSection(SolutionConfigurationPlatforms) = preSolution
		Debug|Any CPU = Debug|Any CPU
		Release|Any CPU = Release|Any CPU
	EndGlobalSection
	GlobalSection(ProjectConfigurationPlatforms) = postSolution
		{B8CEFE3D-7714-49B7-A65F-5EEF776DC369}.Debug|Any CPU.ActiveCfg = Debug|Any CPU
		{B8CEFE3D-7714-49B7-A65F-5EEF776DC369}.Debug|Any CPU.Build.0 = Debug|Any CPU
		{B8CEFE3D-7714-49B7-A65F-5EEF776DC369}.Release|Any CPU.ActiveCfg = Release|Any CPU
		{B8CEFE3D-7714-49B7-A65F-5EEF776DC369}.Release|Any CPU.Build.0 = Release|Any CPU
	EndGlobalSection
	GlobalSection(SolutionProperties) = preSolution
		HideSolutionNode = FALSE
	EndGlobalSection
	GlobalSection(ExtensibilityGlobals) = postSolution
		SolutionGuid = {8C44DDF7-3FDC-4E27-A37E-96D9F343FD54}
	EndGlobalSection
EndGlobal
